
Microsoft Visual Studio Solution File, Format Version 12.00
# Visual Studio Version 16
VisualStudioVersion = 16.0.30114.105
MinimumVisualStudioVersion = 10.0.40219.1
Project("{2150E333-8FDC-42A3-9474-1A3956D46DE8}") = "Core", "Core", "{AE33DB3E-D8BF-4272-A64E-B261E73CD937}"
EndProject
Project("{FAE04EC0-301F-11D3-BF4B-00C04F79EFBC}") = "HR.LeaveManagement.Application", "Core\HR.LeaveManagement.Application\HR.LeaveManagement.Application.csproj", "{3D342F86-A474-4B7B-98F0-13EF6320480A}"
EndProject
Project("{FAE04EC0-301F-11D3-BF4B-00C04F79EFBC}") = "HR.LeaveManagement.Domain", "Core\HR.LeaveManagement.Domain\HR.LeaveManagement.Domain.csproj", "{18C0715E-4F23-4049-84C9-253AA991C270}"
EndProject
Global
	GlobalSection(SolutionConfigurationPlatforms) = preSolution
		Debug|Any CPU = Debug|Any CPU
		Release|Any CPU = Release|Any CPU
	EndGlobalSection
	GlobalSection(SolutionProperties) = preSolution
		HideSolutionNode = FALSE
	EndGlobalSection
	GlobalSection(ProjectConfigurationPlatforms) = postSolution
		{3D342F86-A474-4B7B-98F0-13EF6320480A}.Debug|Any CPU.ActiveCfg = Debug|Any CPU
		{3D342F86-A474-4B7B-98F0-13EF6320480A}.Debug|Any CPU.Build.0 = Debug|Any CPU
		{3D342F86-A474-4B7B-98F0-13EF6320480A}.Release|Any CPU.ActiveCfg = Release|Any CPU
		{3D342F86-A474-4B7B-98F0-13EF6320480A}.Release|Any CPU.Build.0 = Release|Any CPU
		{18C0715E-4F23-4049-84C9-253AA991C270}.Debug|Any CPU.ActiveCfg = Debug|Any CPU
		{18C0715E-4F23-4049-84C9-253AA991C270}.Debug|Any CPU.Build.0 = Debug|Any CPU
		{18C0715E-4F23-4049-84C9-253AA991C270}.Release|Any CPU.ActiveCfg = Release|Any CPU
		{18C0715E-4F23-4049-84C9-253AA991C270}.Release|Any CPU.Build.0 = Release|Any CPU
	EndGlobalSection
	GlobalSection(NestedProjects) = preSolution
		{3D342F86-A474-4B7B-98F0-13EF6320480A} = {AE33DB3E-D8BF-4272-A64E-B261E73CD937}
		{18C0715E-4F23-4049-84C9-253AA991C270} = {AE33DB3E-D8BF-4272-A64E-B261E73CD937}
	EndGlobalSection
EndGlobal
